// !$*UTF8*$!
{
	archiveVersion = 1;
	classes = {
	};
	objectVersion = 52;
	objects = {

/* Begin PBXBuildFile section */
		324AD84324F5141300566711 /* NowPlaying.swift in Sources */ = {isa = PBXBuildFile; fileRef = 324AD84224F5141300566711 /* NowPlaying.swift */; };
		324AD84824F6395900566711 /* LocationServices.swift in Sources */ = {isa = PBXBuildFile; fileRef = 324AD84724F6395900566711 /* LocationServices.swift */; };
		324AD84A24F63AB000566711 /* CityListScene.swift in Sources */ = {isa = PBXBuildFile; fileRef = 324AD84924F63AB000566711 /* CityListScene.swift */; };
		329985EB24F666830035A898 /* KingfisherSwiftUI in Frameworks */ = {isa = PBXBuildFile; productRef = 329985EA24F666830035A898 /* KingfisherSwiftUI */; };
		329985ED24F666830035A898 /* Kingfisher in Frameworks */ = {isa = PBXBuildFile; productRef = 329985EC24F666830035A898 /* Kingfisher */; };
		32C8AB2224EF56C900DF1AAB /* MediaPlayerView.swift in Sources */ = {isa = PBXBuildFile; fileRef = 32C8AB2124EF56C900DF1AAB /* MediaPlayerView.swift */; };
		32C8AB2724EFD4BE00DF1AAB /* MediaPlayer.swift in Sources */ = {isa = PBXBuildFile; fileRef = 32C8AB2624EFD4BE00DF1AAB /* MediaPlayer.swift */; };
		32C8AB2924EFEA7B00DF1AAB /* PodcastFetcher.swift in Sources */ = {isa = PBXBuildFile; fileRef = 32C8AB2824EFEA7B00DF1AAB /* PodcastFetcher.swift */; };
		32CD592124EA9DCA00D48461 /* AppDelegate.swift in Sources */ = {isa = PBXBuildFile; fileRef = 32CD592024EA9DCA00D48461 /* AppDelegate.swift */; };
		32CD592324EA9DCA00D48461 /* SceneDelegate.swift in Sources */ = {isa = PBXBuildFile; fileRef = 32CD592224EA9DCA00D48461 /* SceneDelegate.swift */; };
		32CD592524EA9DCA00D48461 /* ContentView.swift in Sources */ = {isa = PBXBuildFile; fileRef = 32CD592424EA9DCA00D48461 /* ContentView.swift */; };
		32CD592724EA9DFC00D48461 /* Assets.xcassets in Resources */ = {isa = PBXBuildFile; fileRef = 32CD592624EA9DFC00D48461 /* Assets.xcassets */; };
		32CD592A24EA9DFC00D48461 /* Preview Assets.xcassets in Resources */ = {isa = PBXBuildFile; fileRef = 32CD592924EA9DFC00D48461 /* Preview Assets.xcassets */; };
		32CD592D24EA9DFC00D48461 /* LaunchScreen.storyboard in Resources */ = {isa = PBXBuildFile; fileRef = 32CD592B24EA9DFC00D48461 /* LaunchScreen.storyboard */; };
		32CD593824EA9DFC00D48461 /* vscrollTests.swift in Sources */ = {isa = PBXBuildFile; fileRef = 32CD593724EA9DFC00D48461 /* vscrollTests.swift */; };
		32CD594324EA9DFC00D48461 /* vscrollUITests.swift in Sources */ = {isa = PBXBuildFile; fileRef = 32CD594224EA9DFC00D48461 /* vscrollUITests.swift */; };
		32CD595324EAB97100D48461 /* Stations.swift in Sources */ = {isa = PBXBuildFile; fileRef = 32CD595224EAB97100D48461 /* Stations.swift */; };
		32CD595D24EBB83500D48461 /* Podcasts.swift in Sources */ = {isa = PBXBuildFile; fileRef = 32CD595C24EBB83500D48461 /* Podcasts.swift */; };
/* End PBXBuildFile section */

/* Begin PBXContainerItemProxy section */
		32CD593424EA9DFC00D48461 /* PBXContainerItemProxy */ = {
			isa = PBXContainerItemProxy;
			containerPortal = 32CD591524EA9DCA00D48461 /* Project object */;
			proxyType = 1;
			remoteGlobalIDString = 32CD591C24EA9DCA00D48461;
			remoteInfo = vscroll;
		};
		32CD593F24EA9DFC00D48461 /* PBXContainerItemProxy */ = {
			isa = PBXContainerItemProxy;
			containerPortal = 32CD591524EA9DCA00D48461 /* Project object */;
			proxyType = 1;
			remoteGlobalIDString = 32CD591C24EA9DCA00D48461;
			remoteInfo = vscroll;
		};
/* End PBXContainerItemProxy section */

/* Begin PBXFileReference section */
		324AD84224F5141300566711 /* NowPlaying.swift */ = {isa = PBXFileReference; lastKnownFileType = sourcecode.swift; path = NowPlaying.swift; sourceTree = "<group>"; };
		324AD84724F6395900566711 /* LocationServices.swift */ = {isa = PBXFileReference; lastKnownFileType = sourcecode.swift; path = LocationServices.swift; sourceTree = "<group>"; };
		324AD84924F63AB000566711 /* CityListScene.swift */ = {isa = PBXFileReference; lastKnownFileType = sourcecode.swift; path = CityListScene.swift; sourceTree = "<group>"; };
		32C8AB2124EF56C900DF1AAB /* MediaPlayerView.swift */ = {isa = PBXFileReference; lastKnownFileType = sourcecode.swift; path = MediaPlayerView.swift; sourceTree = "<group>"; };
		32C8AB2624EFD4BE00DF1AAB /* MediaPlayer.swift */ = {isa = PBXFileReference; lastKnownFileType = sourcecode.swift; path = MediaPlayer.swift; sourceTree = "<group>"; };
		32C8AB2824EFEA7B00DF1AAB /* PodcastFetcher.swift */ = {isa = PBXFileReference; lastKnownFileType = sourcecode.swift; path = PodcastFetcher.swift; sourceTree = "<group>"; };
		32CD591D24EA9DCA00D48461 /* DRN1.app */ = {isa = PBXFileReference; explicitFileType = wrapper.application; includeInIndex = 0; path = DRN1.app; sourceTree = BUILT_PRODUCTS_DIR; };
		32CD592024EA9DCA00D48461 /* AppDelegate.swift */ = {isa = PBXFileReference; lastKnownFileType = sourcecode.swift; path = AppDelegate.swift; sourceTree = "<group>"; };
		32CD592224EA9DCA00D48461 /* SceneDelegate.swift */ = {isa = PBXFileReference; lastKnownFileType = sourcecode.swift; path = SceneDelegate.swift; sourceTree = "<group>"; };
		32CD592424EA9DCA00D48461 /* ContentView.swift */ = {isa = PBXFileReference; lastKnownFileType = sourcecode.swift; path = ContentView.swift; sourceTree = "<group>"; };
		32CD592624EA9DFC00D48461 /* Assets.xcassets */ = {isa = PBXFileReference; lastKnownFileType = folder.assetcatalog; path = Assets.xcassets; sourceTree = "<group>"; };
		32CD592924EA9DFC00D48461 /* Preview Assets.xcassets */ = {isa = PBXFileReference; lastKnownFileType = folder.assetcatalog; path = "Preview Assets.xcassets"; sourceTree = "<group>"; };
		32CD592C24EA9DFC00D48461 /* Base */ = {isa = PBXFileReference; lastKnownFileType = file.storyboard; name = Base; path = Base.lproj/LaunchScreen.storyboard; sourceTree = "<group>"; };
		32CD592E24EA9DFC00D48461 /* Info.plist */ = {isa = PBXFileReference; lastKnownFileType = text.plist.xml; path = Info.plist; sourceTree = "<group>"; };
		32CD593324EA9DFC00D48461 /* DRN1Tests.xctest */ = {isa = PBXFileReference; explicitFileType = wrapper.cfbundle; includeInIndex = 0; path = DRN1Tests.xctest; sourceTree = BUILT_PRODUCTS_DIR; };
		32CD593724EA9DFC00D48461 /* vscrollTests.swift */ = {isa = PBXFileReference; lastKnownFileType = sourcecode.swift; path = vscrollTests.swift; sourceTree = "<group>"; };
		32CD593924EA9DFC00D48461 /* Info.plist */ = {isa = PBXFileReference; lastKnownFileType = text.plist.xml; path = Info.plist; sourceTree = "<group>"; };
		32CD593E24EA9DFC00D48461 /* DRN1UITests.xctest */ = {isa = PBXFileReference; explicitFileType = wrapper.cfbundle; includeInIndex = 0; path = DRN1UITests.xctest; sourceTree = BUILT_PRODUCTS_DIR; };
		32CD594224EA9DFC00D48461 /* vscrollUITests.swift */ = {isa = PBXFileReference; lastKnownFileType = sourcecode.swift; path = vscrollUITests.swift; sourceTree = "<group>"; };
		32CD594424EA9DFC00D48461 /* Info.plist */ = {isa = PBXFileReference; lastKnownFileType = text.plist.xml; path = Info.plist; sourceTree = "<group>"; };
		32CD595224EAB97100D48461 /* Stations.swift */ = {isa = PBXFileReference; lastKnownFileType = sourcecode.swift; path = Stations.swift; sourceTree = "<group>"; };
		32CD595C24EBB83500D48461 /* Podcasts.swift */ = {isa = PBXFileReference; lastKnownFileType = sourcecode.swift; path = Podcasts.swift; sourceTree = "<group>"; };
/* End PBXFileReference section */

/* Begin PBXFrameworksBuildPhase section */
		32CD591A24EA9DCA00D48461 /* Frameworks */ = {
			isa = PBXFrameworksBuildPhase;
			buildActionMask = 2147483647;
			files = (
				329985ED24F666830035A898 /* Kingfisher in Frameworks */,
				329985EB24F666830035A898 /* KingfisherSwiftUI in Frameworks */,
			);
			runOnlyForDeploymentPostprocessing = 0;
		};
		32CD593024EA9DFC00D48461 /* Frameworks */ = {
			isa = PBXFrameworksBuildPhase;
			buildActionMask = 2147483647;
			files = (
			);
			runOnlyForDeploymentPostprocessing = 0;
		};
		32CD593B24EA9DFC00D48461 /* Frameworks */ = {
			isa = PBXFrameworksBuildPhase;
			buildActionMask = 2147483647;
			files = (
			);
			runOnlyForDeploymentPostprocessing = 0;
		};
/* End PBXFrameworksBuildPhase section */

/* Begin PBXGroup section */
		32C8AB2524EFD48400DF1AAB /* Core */ = {
			isa = PBXGroup;
			children = (
				32CD595224EAB97100D48461 /* Stations.swift */,
				32C8AB2624EFD4BE00DF1AAB /* MediaPlayer.swift */,
				32C8AB2824EFEA7B00DF1AAB /* PodcastFetcher.swift */,
				324AD84224F5141300566711 /* NowPlaying.swift */,
				324AD84724F6395900566711 /* LocationServices.swift */,
			);
			path = Core;
			sourceTree = "<group>";
		};
		32C8AB2A24F3AFBA00DF1AAB /* Frameworks */ = {
			isa = PBXGroup;
			children = (
			);
			name = Frameworks;
			sourceTree = "<group>";
		};
		32CD591424EA9DCA00D48461 = {
			isa = PBXGroup;
			children = (
				32CD591F24EA9DCA00D48461 /* vscroll */,
				32CD593624EA9DFC00D48461 /* vscrollTests */,
				32CD594124EA9DFC00D48461 /* vscrollUITests */,
				32CD591E24EA9DCA00D48461 /* Products */,
				32C8AB2A24F3AFBA00DF1AAB /* Frameworks */,
			);
			sourceTree = "<group>";
		};
		32CD591E24EA9DCA00D48461 /* Products */ = {
			isa = PBXGroup;
			children = (
				32CD591D24EA9DCA00D48461 /* DRN1.app */,
				32CD593324EA9DFC00D48461 /* DRN1Tests.xctest */,
				32CD593E24EA9DFC00D48461 /* DRN1UITests.xctest */,
			);
			name = Products;
			sourceTree = "<group>";
		};
		32CD591F24EA9DCA00D48461 /* vscroll */ = {
			isa = PBXGroup;
			children = (
				32C8AB2524EFD48400DF1AAB /* Core */,
				32CD592024EA9DCA00D48461 /* AppDelegate.swift */,
				32CD592224EA9DCA00D48461 /* SceneDelegate.swift */,
				32CD592424EA9DCA00D48461 /* ContentView.swift */,
				32CD592624EA9DFC00D48461 /* Assets.xcassets */,
				32CD592B24EA9DFC00D48461 /* LaunchScreen.storyboard */,
				32CD592E24EA9DFC00D48461 /* Info.plist */,
				32CD592824EA9DFC00D48461 /* Preview Content */,
				32CD595C24EBB83500D48461 /* Podcasts.swift */,
				32C8AB2124EF56C900DF1AAB /* MediaPlayerView.swift */,
				324AD84924F63AB000566711 /* CityListScene.swift */,
			);
			path = vscroll;
			sourceTree = "<group>";
		};
		32CD592824EA9DFC00D48461 /* Preview Content */ = {
			isa = PBXGroup;
			children = (
				32CD592924EA9DFC00D48461 /* Preview Assets.xcassets */,
			);
			path = "Preview Content";
			sourceTree = "<group>";
		};
		32CD593624EA9DFC00D48461 /* vscrollTests */ = {
			isa = PBXGroup;
			children = (
				32CD593724EA9DFC00D48461 /* vscrollTests.swift */,
				32CD593924EA9DFC00D48461 /* Info.plist */,
			);
			path = vscrollTests;
			sourceTree = "<group>";
		};
		32CD594124EA9DFC00D48461 /* vscrollUITests */ = {
			isa = PBXGroup;
			children = (
				32CD594224EA9DFC00D48461 /* vscrollUITests.swift */,
				32CD594424EA9DFC00D48461 /* Info.plist */,
			);
			path = vscrollUITests;
			sourceTree = "<group>";
		};
/* End PBXGroup section */

/* Begin PBXNativeTarget section */
		32CD591C24EA9DCA00D48461 /* DRN1 */ = {
			isa = PBXNativeTarget;
			buildConfigurationList = 32CD594724EA9DFC00D48461 /* Build configuration list for PBXNativeTarget "DRN1" */;
			buildPhases = (
				32CD591924EA9DCA00D48461 /* Sources */,
				32CD591A24EA9DCA00D48461 /* Frameworks */,
				32CD591B24EA9DCA00D48461 /* Resources */,
			);
			buildRules = (
			);
			dependencies = (
			);
			name = DRN1;
			packageProductDependencies = (
				329985EA24F666830035A898 /* KingfisherSwiftUI */,
				329985EC24F666830035A898 /* Kingfisher */,
			);
			productName = vscroll;
			productReference = 32CD591D24EA9DCA00D48461 /* DRN1.app */;
			productType = "com.apple.product-type.application";
		};
		32CD593224EA9DFC00D48461 /* DRN1Tests */ = {
			isa = PBXNativeTarget;
			buildConfigurationList = 32CD594A24EA9DFC00D48461 /* Build configuration list for PBXNativeTarget "DRN1Tests" */;
			buildPhases = (
				32CD592F24EA9DFC00D48461 /* Sources */,
				32CD593024EA9DFC00D48461 /* Frameworks */,
				32CD593124EA9DFC00D48461 /* Resources */,
			);
			buildRules = (
			);
			dependencies = (
				32CD593524EA9DFC00D48461 /* PBXTargetDependency */,
			);
			name = DRN1Tests;
			productName = vscrollTests;
			productReference = 32CD593324EA9DFC00D48461 /* DRN1Tests.xctest */;
			productType = "com.apple.product-type.bundle.unit-test";
		};
		32CD593D24EA9DFC00D48461 /* DRN1UITests */ = {
			isa = PBXNativeTarget;
			buildConfigurationList = 32CD594D24EA9DFC00D48461 /* Build configuration list for PBXNativeTarget "DRN1UITests" */;
			buildPhases = (
				32CD593A24EA9DFC00D48461 /* Sources */,
				32CD593B24EA9DFC00D48461 /* Frameworks */,
				32CD593C24EA9DFC00D48461 /* Resources */,
			);
			buildRules = (
			);
			dependencies = (
				32CD594024EA9DFC00D48461 /* PBXTargetDependency */,
			);
			name = DRN1UITests;
			productName = vscrollUITests;
			productReference = 32CD593E24EA9DFC00D48461 /* DRN1UITests.xctest */;
			productType = "com.apple.product-type.bundle.ui-testing";
		};
/* End PBXNativeTarget section */

/* Begin PBXProject section */
		32CD591524EA9DCA00D48461 /* Project object */ = {
			isa = PBXProject;
			attributes = {
				LastSwiftUpdateCheck = 1160;
				LastUpgradeCheck = 1160;
				ORGANIZATIONNAME = "Russell Harrower";
				TargetAttributes = {
					32CD591C24EA9DCA00D48461 = {
						CreatedOnToolsVersion = 11.6;
					};
					32CD593224EA9DFC00D48461 = {
						CreatedOnToolsVersion = 11.6;
						TestTargetID = 32CD591C24EA9DCA00D48461;
					};
					32CD593D24EA9DFC00D48461 = {
						CreatedOnToolsVersion = 11.6;
						TestTargetID = 32CD591C24EA9DCA00D48461;
					};
				};
			};
			buildConfigurationList = 32CD591824EA9DCA00D48461 /* Build configuration list for PBXProject "DRN1" */;
			compatibilityVersion = "Xcode 9.3";
			developmentRegion = en;
			hasScannedForEncodings = 0;
			knownRegions = (
				en,
				Base,
			);
			mainGroup = 32CD591424EA9DCA00D48461;
			packageReferences = (
				329985E924F666830035A898 /* XCRemoteSwiftPackageReference "Kingfisher" */,
			);
			productRefGroup = 32CD591E24EA9DCA00D48461 /* Products */;
			projectDirPath = "";
			projectRoot = "";
			targets = (
				32CD591C24EA9DCA00D48461 /* DRN1 */,
				32CD593224EA9DFC00D48461 /* DRN1Tests */,
				32CD593D24EA9DFC00D48461 /* DRN1UITests */,
			);
		};
/* End PBXProject section */

/* Begin PBXResourcesBuildPhase section */
		32CD591B24EA9DCA00D48461 /* Resources */ = {
			isa = PBXResourcesBuildPhase;
			buildActionMask = 2147483647;
			files = (
				32CD592D24EA9DFC00D48461 /* LaunchScreen.storyboard in Resources */,
				32CD592A24EA9DFC00D48461 /* Preview Assets.xcassets in Resources */,
				32CD592724EA9DFC00D48461 /* Assets.xcassets in Resources */,
			);
			runOnlyForDeploymentPostprocessing = 0;
		};
		32CD593124EA9DFC00D48461 /* Resources */ = {
			isa = PBXResourcesBuildPhase;
			buildActionMask = 2147483647;
			files = (
			);
			runOnlyForDeploymentPostprocessing = 0;
		};
		32CD593C24EA9DFC00D48461 /* Resources */ = {
			isa = PBXResourcesBuildPhase;
			buildActionMask = 2147483647;
			files = (
			);
			runOnlyForDeploymentPostprocessing = 0;
		};
/* End PBXResourcesBuildPhase section */

/* Begin PBXSourcesBuildPhase section */
		32CD591924EA9DCA00D48461 /* Sources */ = {
			isa = PBXSourcesBuildPhase;
			buildActionMask = 2147483647;
			files = (
				32CD592124EA9DCA00D48461 /* AppDelegate.swift in Sources */,
				32C8AB2724EFD4BE00DF1AAB /* MediaPlayer.swift in Sources */,
				32C8AB2924EFEA7B00DF1AAB /* PodcastFetcher.swift in Sources */,
				32CD592324EA9DCA00D48461 /* SceneDelegate.swift in Sources */,
				32CD595324EAB97100D48461 /* Stations.swift in Sources */,
				324AD84324F5141300566711 /* NowPlaying.swift in Sources */,
				32CD592524EA9DCA00D48461 /* ContentView.swift in Sources */,
				324AD84A24F63AB000566711 /* CityListScene.swift in Sources */,
				32C8AB2224EF56C900DF1AAB /* MediaPlayerView.swift in Sources */,
				324AD84824F6395900566711 /* LocationServices.swift in Sources */,
				32CD595D24EBB83500D48461 /* Podcasts.swift in Sources */,
			);
			runOnlyForDeploymentPostprocessing = 0;
		};
		32CD592F24EA9DFC00D48461 /* Sources */ = {
			isa = PBXSourcesBuildPhase;
			buildActionMask = 2147483647;
			files = (
				32CD593824EA9DFC00D48461 /* vscrollTests.swift in Sources */,
			);
			runOnlyForDeploymentPostprocessing = 0;
		};
		32CD593A24EA9DFC00D48461 /* Sources */ = {
			isa = PBXSourcesBuildPhase;
			buildActionMask = 2147483647;
			files = (
				32CD594324EA9DFC00D48461 /* vscrollUITests.swift in Sources */,
			);
			runOnlyForDeploymentPostprocessing = 0;
		};
/* End PBXSourcesBuildPhase section */

/* Begin PBXTargetDependency section */
		32CD593524EA9DFC00D48461 /* PBXTargetDependency */ = {
			isa = PBXTargetDependency;
			target = 32CD591C24EA9DCA00D48461 /* DRN1 */;
			targetProxy = 32CD593424EA9DFC00D48461 /* PBXContainerItemProxy */;
		};
		32CD594024EA9DFC00D48461 /* PBXTargetDependency */ = {
			isa = PBXTargetDependency;
			target = 32CD591C24EA9DCA00D48461 /* DRN1 */;
			targetProxy = 32CD593F24EA9DFC00D48461 /* PBXContainerItemProxy */;
		};
/* End PBXTargetDependency section */

/* Begin PBXVariantGroup section */
		32CD592B24EA9DFC00D48461 /* LaunchScreen.storyboard */ = {
			isa = PBXVariantGroup;
			children = (
				32CD592C24EA9DFC00D48461 /* Base */,
			);
			name = LaunchScreen.storyboard;
			sourceTree = "<group>";
		};
/* End PBXVariantGroup section */

/* Begin XCBuildConfiguration section */
		32CD594524EA9DFC00D48461 /* Debug */ = {
			isa = XCBuildConfiguration;
			buildSettings = {
				ALWAYS_SEARCH_USER_PATHS = NO;
				CLANG_ANALYZER_NONNULL = YES;
				CLANG_ANALYZER_NUMBER_OBJECT_CONVERSION = YES_AGGRESSIVE;
				CLANG_CXX_LANGUAGE_STANDARD = "gnu++14";
				CLANG_CXX_LIBRARY = "libc++";
				CLANG_ENABLE_MODULES = YES;
				CLANG_ENABLE_OBJC_ARC = YES;
				CLANG_ENABLE_OBJC_WEAK = YES;
				CLANG_WARN_BLOCK_CAPTURE_AUTORELEASING = YES;
				CLANG_WARN_BOOL_CONVERSION = YES;
				CLANG_WARN_COMMA = YES;
				CLANG_WARN_CONSTANT_CONVERSION = YES;
				CLANG_WARN_DEPRECATED_OBJC_IMPLEMENTATIONS = YES;
				CLANG_WARN_DIRECT_OBJC_ISA_USAGE = YES_ERROR;
				CLANG_WARN_DOCUMENTATION_COMMENTS = YES;
				CLANG_WARN_EMPTY_BODY = YES;
				CLANG_WARN_ENUM_CONVERSION = YES;
				CLANG_WARN_INFINITE_RECURSION = YES;
				CLANG_WARN_INT_CONVERSION = YES;
				CLANG_WARN_NON_LITERAL_NULL_CONVERSION = YES;
				CLANG_WARN_OBJC_IMPLICIT_RETAIN_SELF = YES;
				CLANG_WARN_OBJC_LITERAL_CONVERSION = YES;
				CLANG_WARN_OBJC_ROOT_CLASS = YES_ERROR;
				CLANG_WARN_RANGE_LOOP_ANALYSIS = YES;
				CLANG_WARN_STRICT_PROTOTYPES = YES;
				CLANG_WARN_SUSPICIOUS_MOVE = YES;
				CLANG_WARN_UNGUARDED_AVAILABILITY = YES_AGGRESSIVE;
				CLANG_WARN_UNREACHABLE_CODE = YES;
				CLANG_WARN__DUPLICATE_METHOD_MATCH = YES;
				COPY_PHASE_STRIP = NO;
				DEBUG_INFORMATION_FORMAT = dwarf;
				ENABLE_STRICT_OBJC_MSGSEND = YES;
				ENABLE_TESTABILITY = YES;
				GCC_C_LANGUAGE_STANDARD = gnu11;
				GCC_DYNAMIC_NO_PIC = NO;
				GCC_NO_COMMON_BLOCKS = YES;
				GCC_OPTIMIZATION_LEVEL = 0;
				GCC_PREPROCESSOR_DEFINITIONS = (
					"DEBUG=1",
					"$(inherited)",
				);
				GCC_WARN_64_TO_32_BIT_CONVERSION = YES;
				GCC_WARN_ABOUT_RETURN_TYPE = YES_ERROR;
				GCC_WARN_UNDECLARED_SELECTOR = YES;
				GCC_WARN_UNINITIALIZED_AUTOS = YES_AGGRESSIVE;
				GCC_WARN_UNUSED_FUNCTION = YES;
				GCC_WARN_UNUSED_VARIABLE = YES;
				IPHONEOS_DEPLOYMENT_TARGET = 13.0;
				MTL_ENABLE_DEBUG_INFO = INCLUDE_SOURCE;
				MTL_FAST_MATH = YES;
				ONLY_ACTIVE_ARCH = YES;
				SDKROOT = iphoneos;
				SWIFT_ACTIVE_COMPILATION_CONDITIONS = DEBUG;
				SWIFT_OPTIMIZATION_LEVEL = "-Onone";
			};
			name = Debug;
		};
		32CD594624EA9DFC00D48461 /* Release */ = {
			isa = XCBuildConfiguration;
			buildSettings = {
				ALWAYS_SEARCH_USER_PATHS = NO;
				CLANG_ANALYZER_NONNULL = YES;
				CLANG_ANALYZER_NUMBER_OBJECT_CONVERSION = YES_AGGRESSIVE;
				CLANG_CXX_LANGUAGE_STANDARD = "gnu++14";
				CLANG_CXX_LIBRARY = "libc++";
				CLANG_ENABLE_MODULES = YES;
				CLANG_ENABLE_OBJC_ARC = YES;
				CLANG_ENABLE_OBJC_WEAK = YES;
				CLANG_WARN_BLOCK_CAPTURE_AUTORELEASING = YES;
				CLANG_WARN_BOOL_CONVERSION = YES;
				CLANG_WARN_COMMA = YES;
				CLANG_WARN_CONSTANT_CONVERSION = YES;
				CLANG_WARN_DEPRECATED_OBJC_IMPLEMENTATIONS = YES;
				CLANG_WARN_DIRECT_OBJC_ISA_USAGE = YES_ERROR;
				CLANG_WARN_DOCUMENTATION_COMMENTS = YES;
				CLANG_WARN_EMPTY_BODY = YES;
				CLANG_WARN_ENUM_CONVERSION = YES;
				CLANG_WARN_INFINITE_RECURSION = YES;
				CLANG_WARN_INT_CONVERSION = YES;
				CLANG_WARN_NON_LITERAL_NULL_CONVERSION = YES;
				CLANG_WARN_OBJC_IMPLICIT_RETAIN_SELF = YES;
				CLANG_WARN_OBJC_LITERAL_CONVERSION = YES;
				CLANG_WARN_OBJC_ROOT_CLASS = YES_ERROR;
				CLANG_WARN_RANGE_LOOP_ANALYSIS = YES;
				CLANG_WARN_STRICT_PROTOTYPES = YES;
				CLANG_WARN_SUSPICIOUS_MOVE = YES;
				CLANG_WARN_UNGUARDED_AVAILABILITY = YES_AGGRESSIVE;
				CLANG_WARN_UNREACHABLE_CODE = YES;
				CLANG_WARN__DUPLICATE_METHOD_MATCH = YES;
				COPY_PHASE_STRIP = NO;
				DEBUG_INFORMATION_FORMAT = "dwarf-with-dsym";
				ENABLE_NS_ASSERTIONS = NO;
				ENABLE_STRICT_OBJC_MSGSEND = YES;
				GCC_C_LANGUAGE_STANDARD = gnu11;
				GCC_NO_COMMON_BLOCKS = YES;
				GCC_WARN_64_TO_32_BIT_CONVERSION = YES;
				GCC_WARN_ABOUT_RETURN_TYPE = YES_ERROR;
				GCC_WARN_UNDECLARED_SELECTOR = YES;
				GCC_WARN_UNINITIALIZED_AUTOS = YES_AGGRESSIVE;
				GCC_WARN_UNUSED_FUNCTION = YES;
				GCC_WARN_UNUSED_VARIABLE = YES;
				IPHONEOS_DEPLOYMENT_TARGET = 13.0;
				MTL_ENABLE_DEBUG_INFO = NO;
				MTL_FAST_MATH = YES;
				SDKROOT = iphoneos;
				SWIFT_COMPILATION_MODE = wholemodule;
				SWIFT_OPTIMIZATION_LEVEL = "-O";
				VALIDATE_PRODUCT = YES;
			};
			name = Release;
		};
		32CD594824EA9DFC00D48461 /* Debug */ = {
			isa = XCBuildConfiguration;
			buildSettings = {
				ASSETCATALOG_COMPILER_APPICON_NAME = AppIcon;
				CODE_SIGN_STYLE = Automatic;
				DEVELOPMENT_ASSET_PATHS = "\"vscroll/Preview Content\"";
				DEVELOPMENT_TEAM = JY9HC8TTU4;
				ENABLE_PREVIEWS = YES;
				INFOPLIST_FILE = vscroll/Info.plist;
				LD_RUNPATH_SEARCH_PATHS = (
					"$(inherited)",
					"@executable_path/Frameworks",
				);
				PRODUCT_BUNDLE_IDENTIFIER = com.radiomedia.drn1.drn1;
				PRODUCT_NAME = "$(TARGET_NAME)";
				SWIFT_VERSION = 5.0;
				TARGETED_DEVICE_FAMILY = "1,2";
			};
			name = Debug;
		};
		32CD594924EA9DFC00D48461 /* Release */ = {
			isa = XCBuildConfiguration;
			buildSettings = {
				ASSETCATALOG_COMPILER_APPICON_NAME = AppIcon;
				CODE_SIGN_STYLE = Automatic;
				DEVELOPMENT_ASSET_PATHS = "\"vscroll/Preview Content\"";
				DEVELOPMENT_TEAM = JY9HC8TTU4;
				ENABLE_PREVIEWS = YES;
				INFOPLIST_FILE = vscroll/Info.plist;
				LD_RUNPATH_SEARCH_PATHS = (
					"$(inherited)",
					"@executable_path/Frameworks",
				);
				PRODUCT_BUNDLE_IDENTIFIER = com.radiomedia.drn1.drn1;
				PRODUCT_NAME = "$(TARGET_NAME)";
				SWIFT_VERSION = 5.0;
				TARGETED_DEVICE_FAMILY = "1,2";
			};
			name = Release;
		};
		32CD594B24EA9DFC00D48461 /* Debug */ = {
			isa = XCBuildConfiguration;
			buildSettings = {
				ALWAYS_EMBED_SWIFT_STANDARD_LIBRARIES = YES;
				BUNDLE_LOADER = "$(TEST_HOST)";
				CODE_SIGN_STYLE = Automatic;
				DEVELOPMENT_TEAM = JY9HC8TTU4;
				INFOPLIST_FILE = vscrollTests/Info.plist;
				IPHONEOS_DEPLOYMENT_TARGET = 13.6;
				LD_RUNPATH_SEARCH_PATHS = (
					"$(inherited)",
					"@executable_path/Frameworks",
					"@loader_path/Frameworks",
				);
				PRODUCT_BUNDLE_IDENTIFIER = com.radiomedia.vscrollTests;
				PRODUCT_NAME = "$(TARGET_NAME)";
				SWIFT_VERSION = 5.0;
				TARGETED_DEVICE_FAMILY = "1,2";
				TEST_HOST = "$(BUILT_PRODUCTS_DIR)/DRN1.app/DRN1";
			};
			name = Debug;
		};
		32CD594C24EA9DFC00D48461 /* Release */ = {
			isa = XCBuildConfiguration;
			buildSettings = {
				ALWAYS_EMBED_SWIFT_STANDARD_LIBRARIES = YES;
				BUNDLE_LOADER = "$(TEST_HOST)";
				CODE_SIGN_STYLE = Automatic;
				DEVELOPMENT_TEAM = JY9HC8TTU4;
				INFOPLIST_FILE = vscrollTests/Info.plist;
				IPHONEOS_DEPLOYMENT_TARGET = 13.6;
				LD_RUNPATH_SEARCH_PATHS = (
					"$(inherited)",
					"@executable_path/Frameworks",
					"@loader_path/Frameworks",
				);
				PRODUCT_BUNDLE_IDENTIFIER = com.radiomedia.vscrollTests;
				PRODUCT_NAME = "$(TARGET_NAME)";
				SWIFT_VERSION = 5.0;
				TARGETED_DEVICE_FAMILY = "1,2";
				TEST_HOST = "$(BUILT_PRODUCTS_DIR)/DRN1.app/DRN1";
			};
			name = Release;
		};
		32CD594E24EA9DFC00D48461 /* Debug */ = {
			isa = XCBuildConfiguration;
			buildSettings = {
				ALWAYS_EMBED_SWIFT_STANDARD_LIBRARIES = YES;
				CODE_SIGN_STYLE = Automatic;
				DEVELOPMENT_TEAM = JY9HC8TTU4;
				INFOPLIST_FILE = vscrollUITests/Info.plist;
				LD_RUNPATH_SEARCH_PATHS = (
					"$(inherited)",
					"@executable_path/Frameworks",
					"@loader_path/Frameworks",
				);
				PRODUCT_BUNDLE_IDENTIFIER = com.radiomedia.vscrollUITests;
				PRODUCT_NAME = "$(TARGET_NAME)";
				SWIFT_VERSION = 5.0;
				TARGETED_DEVICE_FAMILY = "1,2";
				TEST_TARGET_NAME = vscroll;
			};
			name = Debug;
		};
		32CD594F24EA9DFC00D48461 /* Release */ = {
			isa = XCBuildConfiguration;
			buildSettings = {
				ALWAYS_EMBED_SWIFT_STANDARD_LIBRARIES = YES;
				CODE_SIGN_STYLE = Automatic;
				DEVELOPMENT_TEAM = JY9HC8TTU4;
				INFOPLIST_FILE = vscrollUITests/Info.plist;
				LD_RUNPATH_SEARCH_PATHS = (
					"$(inherited)",
					"@executable_path/Frameworks",
					"@loader_path/Frameworks",
				);
				PRODUCT_BUNDLE_IDENTIFIER = com.radiomedia.vscrollUITests;
				PRODUCT_NAME = "$(TARGET_NAME)";
				SWIFT_VERSION = 5.0;
				TARGETED_DEVICE_FAMILY = "1,2";
				TEST_TARGET_NAME = vscroll;
			};
			name = Release;
		};
/* End XCBuildConfiguration section */

/* Begin XCConfigurationList section */
		32CD591824EA9DCA00D48461 /* Build configuration list for PBXProject "DRN1" */ = {
			isa = XCConfigurationList;
			buildConfigurations = (
				32CD594524EA9DFC00D48461 /* Debug */,
				32CD594624EA9DFC00D48461 /* Release */,
			);
			defaultConfigurationIsVisible = 0;
			defaultConfigurationName = Release;
		};
		32CD594724EA9DFC00D48461 /* Build configuration list for PBXNativeTarget "DRN1" */ = {
			isa = XCConfigurationList;
			buildConfigurations = (
				32CD594824EA9DFC00D48461 /* Debug */,
				32CD594924EA9DFC00D48461 /* Release */,
			);
			defaultConfigurationIsVisible = 0;
			defaultConfigurationName = Release;
		};
		32CD594A24EA9DFC00D48461 /* Build configuration list for PBXNativeTarget "DRN1Tests" */ = {
			isa = XCConfigurationList;
			buildConfigurations = (
				32CD594B24EA9DFC00D48461 /* Debug */,
				32CD594C24EA9DFC00D48461 /* Release */,
			);
			defaultConfigurationIsVisible = 0;
			defaultConfigurationName = Release;
		};
		32CD594D24EA9DFC00D48461 /* Build configuration list for PBXNativeTarget "DRN1UITests" */ = {
			isa = XCConfigurationList;
			buildConfigurations = (
				32CD594E24EA9DFC00D48461 /* Debug */,
				32CD594F24EA9DFC00D48461 /* Release */,
			);
			defaultConfigurationIsVisible = 0;
			defaultConfigurationName = Release;
		};
/* End XCConfigurationList section */

/* Begin XCRemoteSwiftPackageReference section */
		329985E924F666830035A898 /* XCRemoteSwiftPackageReference "Kingfisher" */ = {
			isa = XCRemoteSwiftPackageReference;
			repositoryURL = "https://github.com/onevcat/Kingfisher";
			requirement = {
				kind = upToNextMajorVersion;
				minimumVersion = 5.15.0;
			};
		};
/* End XCRemoteSwiftPackageReference section */

/* Begin XCSwiftPackageProductDependency section */
		329985EA24F666830035A898 /* KingfisherSwiftUI */ = {
			isa = XCSwiftPackageProductDependency;
			package = 329985E924F666830035A898 /* XCRemoteSwiftPackageReference "Kingfisher" */;
			productName = KingfisherSwiftUI;
		};
		329985EC24F666830035A898 /* Kingfisher */ = {
			isa = XCSwiftPackageProductDependency;
			package = 329985E924F666830035A898 /* XCRemoteSwiftPackageReference "Kingfisher" */;
			productName = Kingfisher;
		};
/* End XCSwiftPackageProductDependency section */
	};
	rootObject = 32CD591524EA9DCA00D48461 /* Project object */;
}
